
Microsoft Visual Studio Solution File, Format Version 12.00
# Visual Studio Version 17
VisualStudioVersion = 17.11.35222.181
MinimumVisualStudioVersion = 10.0.40219.1
Project("{FAE04EC0-301F-11D3-BF4B-00C04F79EFBC}") = "SLMP", "SLMP\SLMP.csproj", "{17061219-3836-4427-AAAD-17D8D28DF587}"
EndProject
Project("{FAE04EC0-301F-11D3-BF4B-00C04F79EFBC}") = "FX5U_IOMonitor", "FX5U_IOMonitor\FX5U_IOMonitor.csproj", "{605DAE13-AE5B-4232-9C1F-051014E962BD}"
EndProject
Project("{FAE04EC0-301F-11D3-BF4B-00C04F79EFBC}") = "MachineIO_CRUD", "MachineIO_CRUD\MachineIO_CRUD.csproj", "{C3A833C5-5F9D-4C1F-9F4E-E2856F493F03}"
EndProject
Global
	GlobalSection(SolutionConfigurationPlatforms) = preSolution
		Debug|Any CPU = Debug|Any CPU
		Release|Any CPU = Release|Any CPU
	EndGlobalSection
	GlobalSection(ProjectConfigurationPlatforms) = postSolution
		{17061219-3836-4427-AAAD-17D8D28DF587}.Debug|Any CPU.ActiveCfg = Debug|Any CPU
		{17061219-3836-4427-AAAD-17D8D28DF587}.Debug|Any CPU.Build.0 = Debug|Any CPU
		{17061219-3836-4427-AAAD-17D8D28DF587}.Release|Any CPU.ActiveCfg = Release|Any CPU
		{17061219-3836-4427-AAAD-17D8D28DF587}.Release|Any CPU.Build.0 = Release|Any CPU
		{605DAE13-AE5B-4232-9C1F-051014E962BD}.Debug|Any CPU.ActiveCfg = Debug|Any CPU
		{605DAE13-AE5B-4232-9C1F-051014E962BD}.Debug|Any CPU.Build.0 = Debug|Any CPU
		{605DAE13-AE5B-4232-9C1F-051014E962BD}.Release|Any CPU.ActiveCfg = Release|Any CPU
		{605DAE13-AE5B-4232-9C1F-051014E962BD}.Release|Any CPU.Build.0 = Release|Any CPU
		{C3A833C5-5F9D-4C1F-9F4E-E2856F493F03}.Debug|Any CPU.ActiveCfg = Debug|Any CPU
		{C3A833C5-5F9D-4C1F-9F4E-E2856F493F03}.Debug|Any CPU.Build.0 = Debug|Any CPU
		{C3A833C5-5F9D-4C1F-9F4E-E2856F493F03}.Release|Any CPU.ActiveCfg = Release|Any CPU
		{C3A833C5-5F9D-4C1F-9F4E-E2856F493F03}.Release|Any CPU.Build.0 = Release|Any CPU
	EndGlobalSection
	GlobalSection(SolutionProperties) = preSolution
		HideSolutionNode = FALSE
	EndGlobalSection
	GlobalSection(ExtensibilityGlobals) = postSolution
		SolutionGuid = {8D3BE804-0A31-4217-B8FC-EA26123464CF}
	EndGlobalSection
EndGlobal
